
Microsoft Visual Studio Solution File, Format Version 12.00
# Visual Studio Version 17
VisualStudioVersion = 17.7.34031.279
MinimumVisualStudioVersion = 10.0.40219.1
Project("{FAE04EC0-301F-11D3-BF4B-00C04F79EFBC}") = "JuanAraujoTallerMVC", "JuanAraujoTallerMVC.csproj", "{22AC6970-E3F5-42B7-9B15-6F36BBFD116F}"
EndProject
Global
	GlobalSection(SolutionConfigurationPlatforms) = preSolution
		Debug|Any CPU = Debug|Any CPU
		Release|Any CPU = Release|Any CPU
	EndGlobalSection
	GlobalSection(ProjectConfigurationPlatforms) = postSolution
		{22AC6970-E3F5-42B7-9B15-6F36BBFD116F}.Debug|Any CPU.ActiveCfg = Debug|Any CPU
		{22AC6970-E3F5-42B7-9B15-6F36BBFD116F}.Debug|Any CPU.Build.0 = Debug|Any CPU
		{22AC6970-E3F5-42B7-9B15-6F36BBFD116F}.Release|Any CPU.ActiveCfg = Release|Any CPU
		{22AC6970-E3F5-42B7-9B15-6F36BBFD116F}.Release|Any CPU.Build.0 = Release|Any CPU
	EndGlobalSection
	GlobalSection(SolutionProperties) = preSolution
		HideSolutionNode = FALSE
	EndGlobalSection
	GlobalSection(ExtensibilityGlobals) = postSolution
		SolutionGuid = {62514815-6C89-4ED6-B655-3B8940B6B0D8}
	EndGlobalSection
EndGlobal
